
Microsoft Visual Studio Solution File, Format Version 12.00
# Visual Studio Version 17
VisualStudioVersion = 17.3.32825.248
MinimumVisualStudioVersion = 10.0.40219.1
Project("{9A19103F-16F7-4668-BE54-9A1E7A4F7556}") = "homework", "homework\homework.csproj", "{298CBB9F-8CEE-409E-BC10-781B6F9A5737}"
EndProject
Project("{FAE04EC0-301F-11D3-BF4B-00C04F79EFBC}") = "tumakov", "tumakov\tumakov.csproj", "{BFB5C0E2-EF69-4D13-B205-E6AEA62AA5FF}"
EndProject
Global
	GlobalSection(SolutionConfigurationPlatforms) = preSolution
		Debug|Any CPU = Debug|Any CPU
		Release|Any CPU = Release|Any CPU
	EndGlobalSection
	GlobalSection(ProjectConfigurationPlatforms) = postSolution
		{298CBB9F-8CEE-409E-BC10-781B6F9A5737}.Debug|Any CPU.ActiveCfg = Debug|Any CPU
		{298CBB9F-8CEE-409E-BC10-781B6F9A5737}.Debug|Any CPU.Build.0 = Debug|Any CPU
		{298CBB9F-8CEE-409E-BC10-781B6F9A5737}.Release|Any CPU.ActiveCfg = Release|Any CPU
		{298CBB9F-8CEE-409E-BC10-781B6F9A5737}.Release|Any CPU.Build.0 = Release|Any CPU
		{BFB5C0E2-EF69-4D13-B205-E6AEA62AA5FF}.Debug|Any CPU.ActiveCfg = Debug|Any CPU
		{BFB5C0E2-EF69-4D13-B205-E6AEA62AA5FF}.Debug|Any CPU.Build.0 = Debug|Any CPU
		{BFB5C0E2-EF69-4D13-B205-E6AEA62AA5FF}.Release|Any CPU.ActiveCfg = Release|Any CPU
		{BFB5C0E2-EF69-4D13-B205-E6AEA62AA5FF}.Release|Any CPU.Build.0 = Release|Any CPU
	EndGlobalSection
	GlobalSection(SolutionProperties) = preSolution
		HideSolutionNode = FALSE
	EndGlobalSection
	GlobalSection(ExtensibilityGlobals) = postSolution
		SolutionGuid = {9BE1B6E7-BB0A-4DDD-879F-533DE19244DD}
	EndGlobalSection
EndGlobal
